{
  "name": "root",
  "version": "1.0.0",
  "lockfileVersion": 3,
  "requires": true,
  "packages": {
    "": {
      "name": "root",
      "version": "1.0.0",
      "license": "MIT",
      "devDependencies": {
        "syncpack": "^14.2.0"
      },
      "engines": {
        "node": ">=18.18.0"
      }
    },
    "node_modules/syncpack": {
      "version": "14.2.0",
      "resolved": "https://registry.npmjs.org/syncpack/-/syncpack-14.2.0.tgz",
      "integrity": "sha512-ZQFEYD6Tq5lwbFkeDM+8ZhNxQlZ6MZcc1TM0KjwI3DpDAm8dWJE5FPlXPGAKtPNvX66MJVueTZPtYwAvBrSQWQ==",
      "dev": true,
      "license": "MIT",
      "bin": {
        "syncpack": "index.cjs"
      },
      "engines": {
        "node": ">=14.17.0"
      },
      "funding": {
        "url": "https://github.com/sponsors/JamieMason"
      },
      "optionalDependencies": {
        "syncpack-darwin-arm64": "14.2.0",
        "syncpack-darwin-x64": "14.2.0",
        "syncpack-linux-arm64": "14.2.0",
        "syncpack-linux-arm64-musl": "14.2.0",
        "syncpack-linux-x64": "14.2.0",
        "syncpack-linux-x64-musl": "14.2.0",
        "syncpack-windows-arm64": "14.2.0",
        "syncpack-windows-x64": "14.2.0"
      }
    },
    "node_modules/syncpack-darwin-arm64": {
      "version": "14.2.0",
      "resolved": "https://registry.npmjs.org/syncpack-darwin-arm64/-/syncpack-darwin-arm64-14.2.0.tgz",
      "integrity": "sha512-+oOucezHzqvUfdRowva3KS4d08H2QSxiPAGrSS3j3zrJJSoscelM5j6fbtXiv9lghNxwAJVPdgXdBO5xGGKA+A==",
      "cpu": [
        "arm64"
      ],
      "dev": true,
      "license": "MIT",
      "optional": true,
      "os": [
        "darwin"
      ],
      "funding": {
        "url": "https://github.com/sponsors/JamieMason"
      }
    },
    "node_modules/syncpack-darwin-x64": {
      "version": "14.2.0",
      "resolved": "https://registry.npmjs.org/syncpack-darwin-x64/-/syncpack-darwin-x64-14.2.0.tgz",
      "integrity": "sha512-l+kR78DeuLWPyHNJvs/Q8W8OgF4PGGqTtYbmCTDoim4v46J8C+moDBsd+7OmHsLC6lMxOetvGz3EYgNpyFGIIg==",
      "cpu": [
        "x64"
      ],
      "dev": true,
      "license": "MIT",
      "optional": true,
      "os": [
        "darwin"
      ],
      "funding": {
        "url": "https://github.com/sponsors/JamieMason"
      }
    },
    "node_modules/syncpack-linux-arm64": {
      "version": "14.2.0",
      "resolved": "https://registry.npmjs.org/syncpack-linux-arm64/-/syncpack-linux-arm64-14.2.0.tgz",
      "integrity": "sha512-SCR+HT8SHU3vvjSWZi8ViSZjGZv2PaI1ak/EqQsH/oz7h6UzR8DITmOUEy+O++r6Ka8zrxloV9FL1HzuZnxFYQ==",
      "cpu": [
        "arm64"
      ],
      "dev": true,
      "license": "MIT",
      "optional": true,
      "os": [
        "linux"
      ],
      "funding": {
        "url": "https://github.com/sponsors/JamieMason"
      }
    },
    "node_modules/syncpack-linux-arm64-musl": {
      "version": "14.2.0",
      "resolved": "https://registry.npmjs.org/syncpack-linux-arm64-musl/-/syncpack-linux-arm64-musl-14.2.0.tgz",
      "integrity": "sha512-xfoTKDl8QoQiHdg393ua50SdayWq/kyrolEylXcoz0FI0mxc76UYmBUKrr/u6XzNRXfb0cgR8s7LrOjwHyHgVA==",
      "cpu": [
        "arm64"
      ],
      "dev": true,
      "license": "MIT",
      "optional": true,
      "os": [
        "linux"
      ],
      "funding": {
        "url": "https://github.com/sponsors/JamieMason"
      }
    },
    "node_modules/syncpack-linux-x64": {
      "version": "14.2.0",
      "resolved": "https://registry.npmjs.org/syncpack-linux-x64/-/syncpack-linux-x64-14.2.0.tgz",
      "integrity": "sha512-8GG7OogvlILG+kFcQwS1tGTimK5feqFlxbeh96xNfNsUgX+SDHMyut6UsA4ca16QLl8ru6iqJmBZYur6EISQRg==",
      "cpu": [
        "x64"
      ],
      "dev": true,
      "license": "MIT",
      "optional": true,
      "os": [
        "linux"
      ],
      "funding": {
        "url": "https://github.com/sponsors/JamieMason"
      }
    },
    "node_modules/syncpack-linux-x64-musl": {
      "version": "14.2.0",
      "resolved": "https://registry.npmjs.org/syncpack-linux-x64-musl/-/syncpack-linux-x64-musl-14.2.0.tgz",
      "integrity": "sha512-mC+XuYZ7o4A73Npr3xQ2gByOhKkSEFIDR9tMZ3RP1ShVEosnLYllqHIyRjShPPN777pKMAiDKl3frvAmvOGTbw==",
      "cpu": [
        "x64"
      ],
      "dev": true,
      "license": "MIT",
      "optional": true,
      "os": [
        "linux"
      ],
      "funding": {
        "url": "https://github.com/sponsors/JamieMason"
      }
    },
    "node_modules/syncpack-windows-arm64": {
      "version": "14.2.0",
      "resolved": "https://registry.npmjs.org/syncpack-windows-arm64/-/syncpack-windows-arm64-14.2.0.tgz",
      "integrity": "sha512-BsN0jZ7wlVi79SA37H5ynXYlwgpIQzQjEMO6e6ra80V/X5myC4Js4MiudHavtsrCxtuoUq7bDY86rRzyKRoD1g==",
      "cpu": [
        "arm64"
      ],
      "dev": true,
      "license": "MIT",
      "optional": true,
      "os": [
        "win32"
      ],
      "funding": {
        "url": "https://github.com/sponsors/JamieMason"
      }
    },
    "node_modules/syncpack-windows-x64": {
      "version": "14.2.0",
      "resolved": "https://registry.npmjs.org/syncpack-windows-x64/-/syncpack-windows-x64-14.2.0.tgz",
      "integrity": "sha512-swrwXueQ438vyB1uJWt3mfho0jUiDT6wJDl3fKfk3BwLPsAARidNnHo4V+uweJ/89aQSGuNN0Xp41klU2N9/jg==",
      "cpu": [
        "x64"
      ],
      "dev": true,
      "license": "MIT",
      "optional": true,
      "os": [
        "win32"
      ],
      "funding": {
        "url": "https://github.com/sponsors/JamieMason"
      }
    }
  }
}
