{
  "name": "root",
  "version": "1.0.0",
  "lockfileVersion": 3,
  "requires": true,
  "packages": {
    "": {
      "name": "root",
      "version": "1.0.0",
      "license": "MIT",
      "devDependencies": {
        "syncpack": "^14.0.0"
      },
      "engines": {
        "node": ">=18.18.0"
      }
    },
    "node_modules/syncpack": {
      "version": "14.0.0",
      "resolved": "https://registry.npmjs.org/syncpack/-/syncpack-14.0.0.tgz",
      "integrity": "sha512-OfAa3Oip5YC9Ad1jEs92Hw08Wy4JfdpdeequIwaJGsQG0tJtb8gpQfCdLuBefsk6n8WiUdt/5qmzcW+BDXtzbQ==",
      "dev": true,
      "license": "MIT",
      "bin": {
        "syncpack": "index.cjs"
      },
      "engines": {
        "node": ">=14.17.0"
      },
      "funding": {
        "url": "https://github.com/sponsors/JamieMason"
      },
      "optionalDependencies": {
        "syncpack-darwin-arm64": "14.0.0",
        "syncpack-darwin-x64": "14.0.0",
        "syncpack-linux-arm64": "14.0.0",
        "syncpack-linux-arm64-musl": "14.0.0",
        "syncpack-linux-x64": "14.0.0",
        "syncpack-linux-x64-musl": "14.0.0",
        "syncpack-windows-arm64": "14.0.0",
        "syncpack-windows-x64": "14.0.0"
      }
    },
    "node_modules/syncpack-darwin-arm64": {
      "version": "14.0.0",
      "resolved": "https://registry.npmjs.org/syncpack-darwin-arm64/-/syncpack-darwin-arm64-14.0.0.tgz",
      "integrity": "sha512-mEcku9YkOHfM6JOxhq9McgeLvd4djsJvRwNONZXHeoJ6+yqC96DdxZwFjkw3e8Vn95wsxsrwY5ZjMExs5Gbacw==",
      "cpu": [
        "arm64"
      ],
      "dev": true,
      "license": "MIT",
      "optional": true,
      "os": [
        "darwin"
      ],
      "funding": {
        "url": "https://github.com/sponsors/JamieMason"
      }
    },
    "node_modules/syncpack-darwin-x64": {
      "version": "14.0.0",
      "resolved": "https://registry.npmjs.org/syncpack-darwin-x64/-/syncpack-darwin-x64-14.0.0.tgz",
      "integrity": "sha512-qSj3bT3SIZA5NLM5PNVeExapyOrdmptlGSMu0SLVHj9hata/Vqh3xWgwq7wB9uajmlrHljeJ84R/NKAHyzFewA==",
      "cpu": [
        "x64"
      ],
      "dev": true,
      "license": "MIT",
      "optional": true,
      "os": [
        "darwin"
      ],
      "funding": {
        "url": "https://github.com/sponsors/JamieMason"
      }
    },
    "node_modules/syncpack-linux-arm64": {
      "version": "14.0.0",
      "resolved": "https://registry.npmjs.org/syncpack-linux-arm64/-/syncpack-linux-arm64-14.0.0.tgz",
      "integrity": "sha512-votlkb4P/0Bxd9yhBWCSUOjZwaii+LfFn1tZZVN5dfs8qcjcLeqfdG5zbnlJSzZhS3T+BfzejFW+Z95OxZag0A==",
      "cpu": [
        "arm64"
      ],
      "dev": true,
      "license": "MIT",
      "optional": true,
      "os": [
        "linux"
      ],
      "funding": {
        "url": "https://github.com/sponsors/JamieMason"
      }
    },
    "node_modules/syncpack-linux-arm64-musl": {
      "version": "14.0.0",
      "resolved": "https://registry.npmjs.org/syncpack-linux-arm64-musl/-/syncpack-linux-arm64-musl-14.0.0.tgz",
      "integrity": "sha512-i57Chz0tHP7ybKElPLhoygl6Cab1fxyUKS9xRgezX5NDrNxKUgrvqBfYd7288/QKB4C8+IcYHugFPjZjoFlAIA==",
      "cpu": [
        "arm64"
      ],
      "dev": true,
      "license": "MIT",
      "optional": true,
      "os": [
        "linux"
      ],
      "funding": {
        "url": "https://github.com/sponsors/JamieMason"
      }
    },
    "node_modules/syncpack-linux-x64": {
      "version": "14.0.0",
      "resolved": "https://registry.npmjs.org/syncpack-linux-x64/-/syncpack-linux-x64-14.0.0.tgz",
      "integrity": "sha512-sZGy4+uL+P/+nI0yc9jwW/R22u9lw0+NXDYC/9ts9eYiWFyO4+luOeosvVKbED1OavUp/GQJqNV+9KHjMwq0Fw==",
      "cpu": [
        "x64"
      ],
      "dev": true,
      "license": "MIT",
      "optional": true,
      "os": [
        "linux"
      ],
      "funding": {
        "url": "https://github.com/sponsors/JamieMason"
      }
    },
    "node_modules/syncpack-linux-x64-musl": {
      "version": "14.0.0",
      "resolved": "https://registry.npmjs.org/syncpack-linux-x64-musl/-/syncpack-linux-x64-musl-14.0.0.tgz",
      "integrity": "sha512-RKyp+29UlLGE8oYkd3UfwgjWUHN4dLHDyarv0dS6gWVpWM6qHtHS339KBc9JcIS7FD1vNGnQ3GmSaAodxDlkMA==",
      "cpu": [
        "x64"
      ],
      "dev": true,
      "license": "MIT",
      "optional": true,
      "os": [
        "linux"
      ],
      "funding": {
        "url": "https://github.com/sponsors/JamieMason"
      }
    },
    "node_modules/syncpack-windows-arm64": {
      "version": "14.0.0",
      "resolved": "https://registry.npmjs.org/syncpack-windows-arm64/-/syncpack-windows-arm64-14.0.0.tgz",
      "integrity": "sha512-aNtr0F6HkA7M0azDuDkt//DlPWlplFa4kmvHXirwDmJQ9u3SAvN3ZItW4ZYS96ZbiV1DgO15jIKBI7rDkzcwrQ==",
      "cpu": [
        "arm64"
      ],
      "dev": true,
      "license": "MIT",
      "optional": true,
      "os": [
        "win32"
      ],
      "funding": {
        "url": "https://github.com/sponsors/JamieMason"
      }
    },
    "node_modules/syncpack-windows-x64": {
      "version": "14.0.0",
      "resolved": "https://registry.npmjs.org/syncpack-windows-x64/-/syncpack-windows-x64-14.0.0.tgz",
      "integrity": "sha512-usMH61wlonssfh2Q8SJDiiAcsXVzuPzRl8XdHqdavR3XeCSGBIW9ieJpPfiKvDPWslekufWD+GhLNoH+8vV0Cg==",
      "cpu": [
        "x64"
      ],
      "dev": true,
      "license": "MIT",
      "optional": true,
      "os": [
        "win32"
      ],
      "funding": {
        "url": "https://github.com/sponsors/JamieMason"
      }
    }
  }
}
