{
  "name": "root",
  "version": "1.0.0",
  "lockfileVersion": 3,
  "requires": true,
  "packages": {
    "": {
      "name": "root",
      "version": "1.0.0",
      "license": "MIT",
      "devDependencies": {
        "syncpack": "^15.3.3"
      },
      "engines": {
        "node": ">=22"
      }
    },
    "node_modules/syncpack": {
      "version": "15.3.3",
      "resolved": "https://registry.npmjs.org/syncpack/-/syncpack-15.3.3.tgz",
      "integrity": "sha512-MC99meBhgc/E5xbB5mFUS99wj4bquTbKLKHLXYh3qPbmPZl2HD8KA4ls29a9Xv67oZ03isCaJaqSl+JIfXIfpA==",
      "dev": true,
      "license": "MIT",
      "bin": {
        "syncpack": "index.cjs"
      },
      "engines": {
        "node": ">=14.17.0"
      },
      "funding": {
        "url": "https://github.com/sponsors/JamieMason"
      },
      "optionalDependencies": {
        "syncpack-darwin-arm64": "15.3.3",
        "syncpack-darwin-x64": "15.3.3",
        "syncpack-linux-arm64": "15.3.3",
        "syncpack-linux-arm64-musl": "15.3.3",
        "syncpack-linux-x64": "15.3.3",
        "syncpack-linux-x64-musl": "15.3.3",
        "syncpack-windows-arm64": "15.3.3",
        "syncpack-windows-x64": "15.3.3"
      }
    },
    "node_modules/syncpack-darwin-arm64": {
      "version": "15.3.3",
      "resolved": "https://registry.npmjs.org/syncpack-darwin-arm64/-/syncpack-darwin-arm64-15.3.3.tgz",
      "integrity": "sha512-sFnHOUT7ZYShxAXfzK8zIxNvY5ciW6c71fHYOJIgZ8Ry25IMWkaGfyLc894wxIPaYTbgEmeeZN6BV7G5Gu27mA==",
      "cpu": [
        "arm64"
      ],
      "dev": true,
      "license": "MIT",
      "optional": true,
      "os": [
        "darwin"
      ],
      "funding": {
        "url": "https://github.com/sponsors/JamieMason"
      }
    },
    "node_modules/syncpack-darwin-x64": {
      "version": "15.3.3",
      "resolved": "https://registry.npmjs.org/syncpack-darwin-x64/-/syncpack-darwin-x64-15.3.3.tgz",
      "integrity": "sha512-gtWysFMwG3W8ieF8+aLMy1qVkehdy40hc02LGEjckmejZxtjDbTKE9vDhBAaXcLbqIsvQ1ImEymHU5N2I4llWQ==",
      "cpu": [
        "x64"
      ],
      "dev": true,
      "license": "MIT",
      "optional": true,
      "os": [
        "darwin"
      ],
      "funding": {
        "url": "https://github.com/sponsors/JamieMason"
      }
    },
    "node_modules/syncpack-linux-arm64": {
      "version": "15.3.3",
      "resolved": "https://registry.npmjs.org/syncpack-linux-arm64/-/syncpack-linux-arm64-15.3.3.tgz",
      "integrity": "sha512-6hlHPrG+V457fpKEURqshNLaFQENkC416IZ4ngFY+2uBjFsmlA7ax4p4EJlFsxuHiQbx/4Yo27pVXmNJEs/bZQ==",
      "cpu": [
        "arm64"
      ],
      "dev": true,
      "license": "MIT",
      "optional": true,
      "os": [
        "linux"
      ],
      "funding": {
        "url": "https://github.com/sponsors/JamieMason"
      }
    },
    "node_modules/syncpack-linux-arm64-musl": {
      "version": "15.3.3",
      "resolved": "https://registry.npmjs.org/syncpack-linux-arm64-musl/-/syncpack-linux-arm64-musl-15.3.3.tgz",
      "integrity": "sha512-mvj6TGhdwO5bHo1cM638esCx9+7ur0BA+RTdg+YiOD/CZJMP8iMj6ruF8htFNPEOKpAEOmfkOVKNs4yCbvkgyQ==",
      "cpu": [
        "arm64"
      ],
      "dev": true,
      "license": "MIT",
      "optional": true,
      "os": [
        "linux"
      ],
      "funding": {
        "url": "https://github.com/sponsors/JamieMason"
      }
    },
    "node_modules/syncpack-linux-x64": {
      "version": "15.3.3",
      "resolved": "https://registry.npmjs.org/syncpack-linux-x64/-/syncpack-linux-x64-15.3.3.tgz",
      "integrity": "sha512-DcnZPKFGEFoktzIrufGGwk2ARTEhlvII6yQsETCaO/Z1xagOjJquxiDvagKnb4GQsQQCuih2ouzQZFCiKImrXA==",
      "cpu": [
        "x64"
      ],
      "dev": true,
      "license": "MIT",
      "optional": true,
      "os": [
        "linux"
      ],
      "funding": {
        "url": "https://github.com/sponsors/JamieMason"
      }
    },
    "node_modules/syncpack-linux-x64-musl": {
      "version": "15.3.3",
      "resolved": "https://registry.npmjs.org/syncpack-linux-x64-musl/-/syncpack-linux-x64-musl-15.3.3.tgz",
      "integrity": "sha512-7KHIb9b9VCSyQq2GwoshVU9Pt/2qCqhOPusuwkXadI+p1qW7fK5FukjZbG0Y4VRa6mszrD2W28OxWAswwrn1lQ==",
      "cpu": [
        "x64"
      ],
      "dev": true,
      "license": "MIT",
      "optional": true,
      "os": [
        "linux"
      ],
      "funding": {
        "url": "https://github.com/sponsors/JamieMason"
      }
    },
    "node_modules/syncpack-windows-arm64": {
      "version": "15.3.3",
      "resolved": "https://registry.npmjs.org/syncpack-windows-arm64/-/syncpack-windows-arm64-15.3.3.tgz",
      "integrity": "sha512-6pPWh3+uTO7g1FF8ugC+UqektaNXphdmDXqG3rWepFdCS+DrWj/7Gfbtlx/zISTdx//T7zoZZ2fvW4fzN/6ztQ==",
      "cpu": [
        "arm64"
      ],
      "dev": true,
      "license": "MIT",
      "optional": true,
      "os": [
        "win32"
      ],
      "funding": {
        "url": "https://github.com/sponsors/JamieMason"
      }
    },
    "node_modules/syncpack-windows-x64": {
      "version": "15.3.3",
      "resolved": "https://registry.npmjs.org/syncpack-windows-x64/-/syncpack-windows-x64-15.3.3.tgz",
      "integrity": "sha512-9CrrEzXE/MdWJuxyB7JvR1b6kiTNQPZh1dDJbWiRgtpNyCbEiddM1/viOsyaufftWDrQFV6RCGQzqCvWEas45g==",
      "cpu": [
        "x64"
      ],
      "dev": true,
      "license": "MIT",
      "optional": true,
      "os": [
        "win32"
      ],
      "funding": {
        "url": "https://github.com/sponsors/JamieMason"
      }
    }
  }
}
