{
  "name": "@fluid-example/node-demo",
  "version": "0.1.0",
  "lockfileVersion": 1,
  "requires": true,
  "dependencies": {
    "@fluidframework/aqueduct": {
      "version": "1.3.0",
      "resolved": "https://registry.npmjs.org/@fluidframework/aqueduct/-/aqueduct-1.3.0.tgz",
      "integrity": "sha512-zqctkoaPCOLVyY/kI7XOlCmB4EQKVvKuTgoiRw6QfIA09EJggRAHsBSBvNc7oHaStXDNesOXwn7WOnSXR46j9w==",
      "requires": {
        "@fluidframework/common-definitions": "^0.20.1",
        "@fluidframework/common-utils": "^0.32.1",
        "@fluidframework/container-definitions": "^1.3.0",
        "@fluidframework/container-loader": "^1.3.0",
        "@fluidframework/container-runtime": "^1.3.0",
        "@fluidframework/container-runtime-definitions": "^1.3.0",
        "@fluidframework/core-interfaces": "^1.3.0",
        "@fluidframework/datastore": "^1.3.0",
        "@fluidframework/datastore-definitions": "^1.3.0",
        "@fluidframework/map": "^1.3.0",
        "@fluidframework/request-handler": "^1.3.0",
        "@fluidframework/runtime-definitions": "^1.3.0",
        "@fluidframework/runtime-utils": "^1.3.0",
        "@fluidframework/synthesize": "^1.3.0",
        "@fluidframework/view-interfaces": "^1.3.0",
        "uuid": "^8.3.1"
      }
    },
    "@fluidframework/build-common": {
      "version": "1.1.0",
      "resolved": "https://registry.npmjs.org/@fluidframework/build-common/-/build-common-1.1.0.tgz",
      "integrity": "sha512-ueCMYxa8/xgptrQc3JDAUio9HaXbwpiHe1A/CllbRXRlJfKJa31m6wcoBpmqkDzNPbCS+oehNDZOd6ZpnrUwnA==",
      "dev": true
    },
    "@fluidframework/common-definitions": {
      "version": "0.20.1",
      "resolved": "https://registry.npmjs.org/@fluidframework/common-definitions/-/common-definitions-0.20.1.tgz",
      "integrity": "sha512-KaoQ7w2MDH5OeRKVatL5yVOCFg+9wD6bLSLFh1/TV1EZM46l49iBqO7UVjUtPE6BIm0jvvOzJXULGVSpzokX3g=="
    },
    "@fluidframework/common-utils": {
      "version": "0.32.1",
      "resolved": "https://registry.npmjs.org/@fluidframework/common-utils/-/common-utils-0.32.1.tgz",
      "integrity": "sha512-8m7nTGLyzQqjGX9qZmE1L65IfSxrcEo35MtCVmH0qfttfVqEFghxXAgtmrcfvKkg6NUDTmb13hdyNx0hZlky7w==",
      "requires": {
        "@fluidframework/common-definitions": "^0.20.1",
        "@types/events": "^3.0.0",
        "base64-js": "^1.5.1",
        "events": "^3.1.0",
        "lodash": "^4.17.21",
        "sha.js": "^2.4.11"
      }
    },
    "@fluidframework/container-definitions": {
      "version": "1.3.0",
      "resolved": "https://registry.npmjs.org/@fluidframework/container-definitions/-/container-definitions-1.3.0.tgz",
      "integrity": "sha512-Ib9RQoMncKl/cFIHznH0aQMOMUbqILbfU2x7tMrL9av9X9MXWEQMODhtWa/dTgb5nJ/Bni4ECBiGVHceZOw7BA==",
      "requires": {
        "@fluidframework/common-definitions": "^0.20.1",
        "@fluidframework/core-interfaces": "^1.3.0",
        "@fluidframework/driver-definitions": "^1.3.0",
        "@fluidframework/protocol-definitions": "^0.1028.2000",
        "events": "^3.1.0"
      }
    },
    "@fluidframework/container-loader": {
      "version": "1.3.0",
      "resolved": "https://registry.npmjs.org/@fluidframework/container-loader/-/container-loader-1.3.0.tgz",
      "integrity": "sha512-71rUaWA9AaDMNxKcAWyyx/uFuTp/RY60NsOxnd4R7IvH673PZ3BizjLHwgpw/3RCghKLUk1auTOYKc/9yoY6Aw==",
      "requires": {
        "@fluidframework/common-definitions": "^0.20.1",
        "@fluidframework/common-utils": "^0.32.1",
        "@fluidframework/container-definitions": "^1.3.0",
        "@fluidframework/container-utils": "^1.3.0",
        "@fluidframework/core-interfaces": "^1.3.0",
        "@fluidframework/driver-definitions": "^1.3.0",
        "@fluidframework/driver-utils": "^1.3.0",
        "@fluidframework/protocol-base": "^0.1036.5000",
        "@fluidframework/protocol-definitions": "^0.1028.2000",
        "@fluidframework/telemetry-utils": "^1.3.0",
        "abort-controller": "^3.0.0",
        "double-ended-queue": "^2.1.0-0",
        "events": "^3.1.0",
        "lodash": "^4.17.21",
        "url": "^0.11.0",
        "uuid": "^8.3.1"
      }
    },
    "@fluidframework/container-runtime": {
      "version": "1.3.0",
      "resolved": "https://registry.npmjs.org/@fluidframework/container-runtime/-/container-runtime-1.3.0.tgz",
      "integrity": "sha512-Y7Fqq2JoR0VTngdIwbUKg1KKQwJdo7CKN9HaGEr3nHw1muZkZc5GuCOR2unaWJzyi/kWCQcKsxz/1ojV/NDqMQ==",
      "requires": {
        "@fluidframework/common-definitions": "^0.20.1",
        "@fluidframework/common-utils": "^0.32.1",
        "@fluidframework/container-definitions": "^1.3.0",
        "@fluidframework/container-runtime-definitions": "^1.3.0",
        "@fluidframework/container-utils": "^1.3.0",
        "@fluidframework/core-interfaces": "^1.3.0",
        "@fluidframework/datastore": "^1.3.0",
        "@fluidframework/driver-definitions": "^1.3.0",
        "@fluidframework/driver-utils": "^1.3.0",
        "@fluidframework/garbage-collector": "^1.3.0",
        "@fluidframework/protocol-base": "^0.1036.5000",
        "@fluidframework/protocol-definitions": "^0.1028.2000",
        "@fluidframework/runtime-definitions": "^1.3.0",
        "@fluidframework/runtime-utils": "^1.3.0",
        "@fluidframework/telemetry-utils": "^1.3.0",
        "double-ended-queue": "^2.1.0-0",
        "events": "^3.1.0",
        "uuid": "^8.3.1"
      }
    },
    "@fluidframework/container-runtime-definitions": {
      "version": "1.3.0",
      "resolved": "https://registry.npmjs.org/@fluidframework/container-runtime-definitions/-/container-runtime-definitions-1.3.0.tgz",
      "integrity": "sha512-5Jb+c5FWb2fl4aX8sWuEDG5tC8PITOLqm90FdJTikDHeOmF6VeTa+LolP0wKEgms2TDXJoehPVEpqn2EaE27Vg==",
      "requires": {
        "@fluidframework/common-definitions": "^0.20.1",
        "@fluidframework/container-definitions": "^1.3.0",
        "@fluidframework/core-interfaces": "^1.3.0",
        "@fluidframework/driver-definitions": "^1.3.0",
        "@fluidframework/protocol-definitions": "^0.1028.2000",
        "@fluidframework/runtime-definitions": "^1.3.0",
        "@types/node": "^14.18.0"
      }
    },
    "@fluidframework/container-utils": {
      "version": "1.3.0",
      "resolved": "https://registry.npmjs.org/@fluidframework/container-utils/-/container-utils-1.3.0.tgz",
      "integrity": "sha512-Z0Jos1m4IuDAAzuBfo4Lu9i6a6NbnU5plhf2GW6FFoBHnc3grjTZk6cl6I34UHbWWMM9J0wnI34dT73DZi/TEQ==",
      "requires": {
        "@fluidframework/common-definitions": "^0.20.1",
        "@fluidframework/common-utils": "^0.32.1",
        "@fluidframework/container-definitions": "^1.3.0",
        "@fluidframework/protocol-definitions": "^0.1028.2000",
        "@fluidframework/telemetry-utils": "^1.3.0"
      }
    },
    "@fluidframework/core-interfaces": {
      "version": "1.3.0",
      "resolved": "https://registry.npmjs.org/@fluidframework/core-interfaces/-/core-interfaces-1.3.0.tgz",
      "integrity": "sha512-kJOdQ31RiljJdGaGrsEiWBWJ3ckDJP14oAL89tn8kd8KhELefd6sygbCCHfyb9BJo5iJpduVnqOEowkKDQ+Cxg=="
    },
    "@fluidframework/datastore": {
      "version": "1.3.0",
      "resolved": "https://registry.npmjs.org/@fluidframework/datastore/-/datastore-1.3.0.tgz",
      "integrity": "sha512-T/Y6JhlRE7CAfjBtsRSgjS+3fvuMMeAe1JU33X+YjEHL8cESoGdVcgvdoK7VJpsYeiQWeHwGKajqWYGWgvsoPA==",
      "requires": {
        "@fluidframework/common-definitions": "^0.20.1",
        "@fluidframework/common-utils": "^0.32.1",
        "@fluidframework/container-definitions": "^1.3.0",
        "@fluidframework/container-utils": "^1.3.0",
        "@fluidframework/core-interfaces": "^1.3.0",
        "@fluidframework/datastore-definitions": "^1.3.0",
        "@fluidframework/driver-definitions": "^1.3.0",
        "@fluidframework/driver-utils": "^1.3.0",
        "@fluidframework/garbage-collector": "^1.3.0",
        "@fluidframework/protocol-base": "^0.1036.5000",
        "@fluidframework/protocol-definitions": "^0.1028.2000",
        "@fluidframework/runtime-definitions": "^1.3.0",
        "@fluidframework/runtime-utils": "^1.3.0",
        "@fluidframework/telemetry-utils": "^1.3.0",
        "lodash": "^4.17.21",
        "uuid": "^8.3.1"
      }
    },
    "@fluidframework/datastore-definitions": {
      "version": "1.3.0",
      "resolved": "https://registry.npmjs.org/@fluidframework/datastore-definitions/-/datastore-definitions-1.3.0.tgz",
      "integrity": "sha512-VbbyrXQbtLdkSd2HrEegpb58prQP7opgY6YpgydADQIrZQDL2+HTscNrCLZk9M1rbFxZMaGCP8i94v5XO0YNAQ==",
      "requires": {
        "@fluidframework/common-definitions": "^0.20.1",
        "@fluidframework/common-utils": "^0.32.1",
        "@fluidframework/container-definitions": "^1.3.0",
        "@fluidframework/core-interfaces": "^1.3.0",
        "@fluidframework/protocol-definitions": "^0.1028.2000",
        "@fluidframework/runtime-definitions": "^1.3.0",
        "@types/node": "^14.18.0"
      }
    },
    "@fluidframework/driver-base": {
      "version": "1.3.0",
      "resolved": "https://registry.npmjs.org/@fluidframework/driver-base/-/driver-base-1.3.0.tgz",
      "integrity": "sha512-nV/6nZKqXBdRgVvcfTU5df/DgjEKKoZh06Ac98hW0sJBTwEXCzCViaBwkcoCtw2h2ivi5EGv6juFivrb37jn5w==",
      "requires": {
        "@fluidframework/common-definitions": "^0.20.1",
        "@fluidframework/common-utils": "^0.32.1",
        "@fluidframework/driver-definitions": "^1.3.0",
        "@fluidframework/driver-utils": "^1.3.0",
        "@fluidframework/protocol-definitions": "^0.1028.2000",
        "@fluidframework/telemetry-utils": "^1.3.0"
      }
    },
    "@fluidframework/driver-definitions": {
      "version": "1.3.0",
      "resolved": "https://registry.npmjs.org/@fluidframework/driver-definitions/-/driver-definitions-1.3.0.tgz",
      "integrity": "sha512-6ES5UliKdyP2oy52r5X2FHzWy3C7ksTs3Ved++j0s1AjwhFrVv/1ffp/BKrFdJaxSPYf+eLZLn9eERlqR7J+1g==",
      "requires": {
        "@fluidframework/common-definitions": "^0.20.1",
        "@fluidframework/core-interfaces": "^1.3.0",
        "@fluidframework/protocol-definitions": "^0.1028.2000"
      }
    },
    "@fluidframework/driver-utils": {
      "version": "1.3.0",
      "resolved": "https://registry.npmjs.org/@fluidframework/driver-utils/-/driver-utils-1.3.0.tgz",
      "integrity": "sha512-0Yb5QO4g8YpJNNRv6LZoEZEsvWxQ37fa7lQ9BP+ro2EgkvFRDm7RJuVrFq0WeD+x0H5qPst6OCdBuMtPc/n6BQ==",
      "requires": {
        "@fluidframework/common-definitions": "^0.20.1",
        "@fluidframework/common-utils": "^0.32.1",
        "@fluidframework/core-interfaces": "^1.3.0",
        "@fluidframework/driver-definitions": "^1.3.0",
        "@fluidframework/gitresources": "^0.1036.5000",
        "@fluidframework/protocol-base": "^0.1036.5000",
        "@fluidframework/protocol-definitions": "^0.1028.2000",
        "@fluidframework/telemetry-utils": "^1.3.0",
        "axios": "^0.26.0",
        "uuid": "^8.3.1"
      }
    },
    "@fluidframework/fluid-static": {
      "version": "1.3.0",
      "resolved": "https://registry.npmjs.org/@fluidframework/fluid-static/-/fluid-static-1.3.0.tgz",
      "integrity": "sha512-XnrYFsppAhzRGVAqbvD4LZi4cYxqGAF3d6Sg58f0WZCGUVBLPojjA4/iwoipGqa1g4QKMTznVZJcOFge+y0tlw==",
      "requires": {
        "@fluidframework/aqueduct": "^1.3.0",
        "@fluidframework/common-definitions": "^0.20.1",
        "@fluidframework/common-utils": "^0.32.1",
        "@fluidframework/container-definitions": "^1.3.0",
        "@fluidframework/container-loader": "^1.3.0",
        "@fluidframework/container-runtime-definitions": "^1.3.0",
        "@fluidframework/core-interfaces": "^1.3.0",
        "@fluidframework/datastore-definitions": "^1.3.0",
        "@fluidframework/protocol-definitions": "^0.1028.2000",
        "@fluidframework/request-handler": "^1.3.0",
        "@fluidframework/runtime-definitions": "^1.3.0",
        "@fluidframework/runtime-utils": "^1.3.0"
      }
    },
    "@fluidframework/garbage-collector": {
      "version": "1.3.0",
      "resolved": "https://registry.npmjs.org/@fluidframework/garbage-collector/-/garbage-collector-1.3.0.tgz",
      "integrity": "sha512-AU/4B8Vj5Q9AoHQPOv9dtELm0Kml+xSYkzPufhVOJ9pNNm12aRemKS3G9QlT59lJwtVhQN4sL8g0B+dxK8pUgQ==",
      "requires": {
        "@fluidframework/common-definitions": "^0.20.1",
        "@fluidframework/common-utils": "^0.32.1",
        "@fluidframework/runtime-definitions": "^1.3.0"
      }
    },
    "@fluidframework/gitresources": {
      "version": "0.1036.5000",
      "resolved": "https://registry.npmjs.org/@fluidframework/gitresources/-/gitresources-0.1036.5000.tgz",
      "integrity": "sha512-Aq030GDRhPJCr7tVHDxFtWDwc6nd1r9x7k0/D34mVAVuXLyubk5dB2BytopZxfo9b91QXIPmjQfQ2GINTdk16w=="
    },
    "@fluidframework/map": {
      "version": "1.3.0",
      "resolved": "https://registry.npmjs.org/@fluidframework/map/-/map-1.3.0.tgz",
      "integrity": "sha512-TE4yVSArmis8g8lZKQcXDdEfSMkGOqs3MY9xxTBmvd8MGAGjP9dQuBico2rSNTIhT1l1hSvHG4uJY2RRFJ5BMA==",
      "requires": {
        "@fluidframework/common-definitions": "^0.20.1",
        "@fluidframework/common-utils": "^0.32.1",
        "@fluidframework/container-utils": "^1.3.0",
        "@fluidframework/core-interfaces": "^1.3.0",
        "@fluidframework/datastore-definitions": "^1.3.0",
        "@fluidframework/driver-utils": "^1.3.0",
        "@fluidframework/protocol-definitions": "^0.1028.2000",
        "@fluidframework/runtime-definitions": "^1.3.0",
        "@fluidframework/runtime-utils": "^1.3.0",
        "@fluidframework/shared-object-base": "^1.3.0",
        "path-browserify": "^1.0.1"
      }
    },
    "@fluidframework/merge-tree": {
      "version": "1.3.0",
      "resolved": "https://registry.npmjs.org/@fluidframework/merge-tree/-/merge-tree-1.3.0.tgz",
      "integrity": "sha512-B+XGGpAf+lfCb1fPzd0YsbZqQmM6/XUkEfd0WambNdNW6B0E8WiwRp5fiiPJ7cm65hSxqHVnTbAMvuoTU7x90Q==",
      "requires": {
        "@fluidframework/common-definitions": "^0.20.1",
        "@fluidframework/common-utils": "^0.32.1",
        "@fluidframework/container-definitions": "^1.3.0",
        "@fluidframework/container-utils": "^1.3.0",
        "@fluidframework/core-interfaces": "^1.3.0",
        "@fluidframework/datastore-definitions": "^1.3.0",
        "@fluidframework/protocol-definitions": "^0.1028.2000",
        "@fluidframework/runtime-definitions": "^1.3.0",
        "@fluidframework/runtime-utils": "^1.3.0",
        "@fluidframework/shared-object-base": "^1.3.0",
        "@fluidframework/telemetry-utils": "^1.3.0"
      }
    },
    "@fluidframework/protocol-base": {
      "version": "0.1036.5000",
      "resolved": "https://registry.npmjs.org/@fluidframework/protocol-base/-/protocol-base-0.1036.5000.tgz",
      "integrity": "sha512-tsDtM6jptTwbqkVtqO6KRYRu6614ZwrzfJJEUM0OmTRk6ds5vdA+vPreG4qrrEO40HHy4y9nHx6AyGL/sMxv4w==",
      "requires": {
        "@fluidframework/common-utils": "^0.32.1",
        "@fluidframework/gitresources": "^0.1036.5000",
        "@fluidframework/protocol-definitions": "^0.1028.2000",
        "lodash": "^4.17.21"
      }
    },
    "@fluidframework/protocol-definitions": {
      "version": "0.1028.2000",
      "resolved": "https://registry.npmjs.org/@fluidframework/protocol-definitions/-/protocol-definitions-0.1028.2000.tgz",
      "integrity": "sha512-ZUPCmPFcK7UAK4RkfVWfzQPAWFvYNm6ywP51V42YC38gCGye+Epvyr3beA+FSaHPIZGxm5+Uw52+ykTvmDb2UA==",
      "requires": {
        "@fluidframework/common-definitions": "^0.20.1"
      }
    },
    "@fluidframework/request-handler": {
      "version": "1.3.0",
      "resolved": "https://registry.npmjs.org/@fluidframework/request-handler/-/request-handler-1.3.0.tgz",
      "integrity": "sha512-PJtCsWEk+wsW5wk26AEHkILWpA8ldC16L5+f/MaBB+0p1KxesW803UTRmbdNzw7LnJgBZG/n/cGi/xlBsgkd2w==",
      "requires": {
        "@fluidframework/common-utils": "^0.32.1",
        "@fluidframework/container-runtime-definitions": "^1.3.0",
        "@fluidframework/core-interfaces": "^1.3.0",
        "@fluidframework/runtime-definitions": "^1.3.0",
        "@fluidframework/runtime-utils": "^1.3.0"
      }
    },
    "@fluidframework/routerlicious-driver": {
      "version": "1.3.0",
      "resolved": "https://registry.npmjs.org/@fluidframework/routerlicious-driver/-/routerlicious-driver-1.3.0.tgz",
      "integrity": "sha512-bRIYmxQ9iyaOXRdsv/iOEzNx4a2kBmBrRA+rkdzzdpZ816rHiqvbaiKeAF42oYL4DY6IkD19hM2IGGCutBWmag==",
      "requires": {
        "@fluidframework/common-definitions": "^0.20.1",
        "@fluidframework/common-utils": "^0.32.1",
        "@fluidframework/driver-base": "^1.3.0",
        "@fluidframework/driver-definitions": "^1.3.0",
        "@fluidframework/driver-utils": "^1.3.0",
        "@fluidframework/gitresources": "^0.1036.5000",
        "@fluidframework/protocol-base": "^0.1036.5000",
        "@fluidframework/protocol-definitions": "^0.1028.2000",
        "@fluidframework/server-services-client": "^0.1036.5000",
        "@fluidframework/telemetry-utils": "^1.3.0",
        "cross-fetch": "^3.1.5",
        "json-stringify-safe": "5.0.1",
        "querystring": "^0.2.0",
        "socket.io-client": "^4.4.1",
        "url-parse": "^1.5.8",
        "uuid": "^8.3.1"
      }
    },
    "@fluidframework/runtime-definitions": {
      "version": "1.3.0",
      "resolved": "https://registry.npmjs.org/@fluidframework/runtime-definitions/-/runtime-definitions-1.3.0.tgz",
      "integrity": "sha512-FDbZoQ5A9kfmDpd8tRdyUnA6IKeh9cNF59zMVuBQFr7KuHKnDki/472jEgwIe8YnrImwQvSYeG6LxqKW0qbsow==",
      "requires": {
        "@fluidframework/common-definitions": "^0.20.1",
        "@fluidframework/common-utils": "^0.32.1",
        "@fluidframework/container-definitions": "^1.3.0",
        "@fluidframework/core-interfaces": "^1.3.0",
        "@fluidframework/driver-definitions": "^1.3.0",
        "@fluidframework/protocol-definitions": "^0.1028.2000",
        "@types/node": "^14.18.0"
      }
    },
    "@fluidframework/runtime-utils": {
      "version": "1.3.0",
      "resolved": "https://registry.npmjs.org/@fluidframework/runtime-utils/-/runtime-utils-1.3.0.tgz",
      "integrity": "sha512-hm86lnfvyKoPiDeFoWPcU3vPd0czQjAWo7fckjGTO8mfTNxbHFvxpKe0Y5dscsEkOT4qT5Huo+KdIh/LExCa0g==",
      "requires": {
        "@fluidframework/common-definitions": "^0.20.1",
        "@fluidframework/common-utils": "^0.32.1",
        "@fluidframework/container-definitions": "^1.3.0",
        "@fluidframework/container-runtime-definitions": "^1.3.0",
        "@fluidframework/core-interfaces": "^1.3.0",
        "@fluidframework/datastore-definitions": "^1.3.0",
        "@fluidframework/garbage-collector": "^1.3.0",
        "@fluidframework/protocol-base": "^0.1036.5000",
        "@fluidframework/protocol-definitions": "^0.1028.2000",
        "@fluidframework/runtime-definitions": "^1.3.0",
        "@fluidframework/telemetry-utils": "^1.3.0"
      }
    },
    "@fluidframework/sequence": {
      "version": "1.3.0",
      "resolved": "https://registry.npmjs.org/@fluidframework/sequence/-/sequence-1.3.0.tgz",
      "integrity": "sha512-3rKIOQZcxfyVRV4FWEVwfFCZiAm957ozY86EmbZxfxdf44tlZnj76cEuGd4gaJ84VQXpJeYmFq/56IyRSjUPfg==",
      "requires": {
        "@fluidframework/common-definitions": "^0.20.1",
        "@fluidframework/common-utils": "^0.32.1",
        "@fluidframework/container-utils": "^1.3.0",
        "@fluidframework/core-interfaces": "^1.3.0",
        "@fluidframework/datastore-definitions": "^1.3.0",
        "@fluidframework/merge-tree": "^1.3.0",
        "@fluidframework/protocol-definitions": "^0.1028.2000",
        "@fluidframework/runtime-definitions": "^1.3.0",
        "@fluidframework/runtime-utils": "^1.3.0",
        "@fluidframework/shared-object-base": "^1.3.0",
        "@fluidframework/telemetry-utils": "^1.3.0",
        "uuid": "^8.3.1"
      }
    },
    "@fluidframework/server-services-client": {
      "version": "0.1036.5000",
      "resolved": "https://registry.npmjs.org/@fluidframework/server-services-client/-/server-services-client-0.1036.5000.tgz",
      "integrity": "sha512-TBig0U1Fne0h10H6Sylcf6pe9PrYJy6PkLvTv+MX9ojuWsyPJbbhkPX/L2Gj/wmzDY+psvhA2TSLDZOMnpshpw==",
      "requires": {
        "@fluidframework/common-utils": "^0.32.1",
        "@fluidframework/gitresources": "^0.1036.5000",
        "@fluidframework/protocol-base": "^0.1036.5000",
        "@fluidframework/protocol-definitions": "^0.1028.2000",
        "axios": "^0.26.0",
        "crc-32": "1.2.0",
        "debug": "^4.1.1",
        "json-stringify-safe": "^5.0.1",
        "jsrsasign": "^10.2.0",
        "jwt-decode": "^3.0.0",
        "querystring": "^0.2.0",
        "sillyname": "^0.1.0",
        "uuid": "^8.3.1"
      }
    },
    "@fluidframework/shared-object-base": {
      "version": "1.3.0",
      "resolved": "https://registry.npmjs.org/@fluidframework/shared-object-base/-/shared-object-base-1.3.0.tgz",
      "integrity": "sha512-smxD+EoLA7QR+Dtxgwigt+jEIgc5TL7nQMC9ahQYwOhXBSSEZXe3LHx1mQNzKTMXjPApe52pfSlsa6wz5NI/lQ==",
      "requires": {
        "@fluidframework/common-definitions": "^0.20.1",
        "@fluidframework/common-utils": "^0.32.1",
        "@fluidframework/container-definitions": "^1.3.0",
        "@fluidframework/container-runtime": "^1.3.0",
        "@fluidframework/container-utils": "^1.3.0",
        "@fluidframework/core-interfaces": "^1.3.0",
        "@fluidframework/datastore": "^1.3.0",
        "@fluidframework/datastore-definitions": "^1.3.0",
        "@fluidframework/protocol-definitions": "^0.1028.2000",
        "@fluidframework/runtime-definitions": "^1.3.0",
        "@fluidframework/runtime-utils": "^1.3.0",
        "@fluidframework/telemetry-utils": "^1.3.0",
        "uuid": "^8.3.1"
      }
    },
    "@fluidframework/synthesize": {
      "version": "1.3.0",
      "resolved": "https://registry.npmjs.org/@fluidframework/synthesize/-/synthesize-1.3.0.tgz",
      "integrity": "sha512-uTetihgHKInqvIiSAjApMyCswaWwaaGv2ObGj99lNzrhmbRWEtaGy/QbhQWL//HthYjD9bFUYR3Whh+EMPssfA=="
    },
    "@fluidframework/telemetry-utils": {
      "version": "1.3.0",
      "resolved": "https://registry.npmjs.org/@fluidframework/telemetry-utils/-/telemetry-utils-1.3.0.tgz",
      "integrity": "sha512-jYCLYHHUP8utXxvEyM3ctEEoIs2vxCpG9PlL8FC7E5jTQMKQf3Wl5R2xwUGYDSIKDRJYhRrqjhDEohvFu61yYQ==",
      "requires": {
        "@fluidframework/common-definitions": "^0.20.1",
        "@fluidframework/common-utils": "^0.32.1",
        "debug": "^4.1.1",
        "events": "^3.1.0",
        "uuid": "^8.3.1"
      }
    },
    "@fluidframework/tinylicious-client": {
      "version": "1.3.0",
      "resolved": "https://registry.npmjs.org/@fluidframework/tinylicious-client/-/tinylicious-client-1.3.0.tgz",
      "integrity": "sha512-a2Xqs9UKTIMlwj2AlfphPDMMkat/gP0gJ1pbwKD6yK7jVJnMFMeVvsNuEsqzVTB+PZSb0t7gQoVBwQ5tLqxZqg==",
      "requires": {
        "@fluidframework/common-definitions": "^0.20.1",
        "@fluidframework/common-utils": "^0.32.1",
        "@fluidframework/container-definitions": "^1.3.0",
        "@fluidframework/container-loader": "^1.3.0",
        "@fluidframework/driver-definitions": "^1.3.0",
        "@fluidframework/driver-utils": "^1.3.0",
        "@fluidframework/fluid-static": "^1.3.0",
        "@fluidframework/map": "^1.3.0",
        "@fluidframework/protocol-definitions": "^0.1028.2000",
        "@fluidframework/routerlicious-driver": "^1.3.0",
        "@fluidframework/runtime-utils": "^1.3.0",
        "@fluidframework/tinylicious-driver": "^1.3.0",
        "uuid": "^8.3.1"
      }
    },
    "@fluidframework/tinylicious-driver": {
      "version": "1.3.0",
      "resolved": "https://registry.npmjs.org/@fluidframework/tinylicious-driver/-/tinylicious-driver-1.3.0.tgz",
      "integrity": "sha512-fryUWSsHgw5Tr04/cX5zicodKQtPDd4IirtiGfUkuHh/HWrPyvW2s84sq4hJjIFlHwr62DN7fnfHE2BDKjUETA==",
      "requires": {
        "@fluidframework/core-interfaces": "^1.3.0",
        "@fluidframework/driver-definitions": "^1.3.0",
        "@fluidframework/driver-utils": "^1.3.0",
        "@fluidframework/protocol-definitions": "^0.1028.2000",
        "@fluidframework/routerlicious-driver": "^1.3.0",
        "@fluidframework/server-services-client": "^0.1036.5000",
        "jsrsasign": "^10.5.25",
        "uuid": "^8.3.1"
      }
    },
    "@fluidframework/view-interfaces": {
      "version": "1.3.0",
      "resolved": "https://registry.npmjs.org/@fluidframework/view-interfaces/-/view-interfaces-1.3.0.tgz",
      "integrity": "sha512-b1vq3dQ/FhugQeMdHrqzFu4DQyiK4QV1QBfu3uZPAMx2TA2Sh52Vf3DBahpA6ue0VEnA+yPRcSAEDblS9NmcfQ==",
      "requires": {
        "@fluidframework/core-interfaces": "^1.3.0"
      }
    },
    "@socket.io/component-emitter": {
      "version": "3.1.0",
      "resolved": "https://registry.npmjs.org/@socket.io/component-emitter/-/component-emitter-3.1.0.tgz",
      "integrity": "sha512-+9jVqKhRSpsc591z5vX+X5Yyw+he/HCB4iQ/RYxw35CEPaY1gnsNE43nf9n9AaYjAQrTiI/mOwKUKdUs9vf7Xg=="
    },
    "@types/events": {
      "version": "3.0.0",
      "resolved": "https://registry.npmjs.org/@types/events/-/events-3.0.0.tgz",
      "integrity": "sha512-EaObqwIvayI5a8dCzhFrjKzVwKLxjoG9T6Ppd5CEo07LRKfQ8Yokw54r5+Wq7FaBQ+yXRvQAYPrHwya1/UFt9g=="
    },
    "@types/node": {
      "version": "14.18.33",
      "resolved": "https://registry.npmjs.org/@types/node/-/node-14.18.33.tgz",
      "integrity": "sha512-qelS/Ra6sacc4loe/3MSjXNL1dNQ/GjxNHVzuChwMfmk7HuycRLVQN2qNY3XahK+fZc5E2szqQSKUyAF0E+2bg=="
    },
    "abort-controller": {
      "version": "3.0.0",
      "resolved": "https://registry.npmjs.org/abort-controller/-/abort-controller-3.0.0.tgz",
      "integrity": "sha512-h8lQ8tacZYnR3vNQTgibj+tODHI5/+l06Au2Pcriv/Gmet0eaj4TwWH41sO9wnHDiQsEj19q0drzdWdeAHtweg==",
      "requires": {
        "event-target-shim": "^5.0.0"
      }
    },
    "axios": {
      "version": "0.26.1",
      "resolved": "https://registry.npmjs.org/axios/-/axios-0.26.1.tgz",
      "integrity": "sha512-fPwcX4EvnSHuInCMItEhAGnaSEXRBjtzh9fOtsE6E1G6p7vl7edEeZe11QHf18+6+9gR5PbKV/sGKNaD8YaMeA==",
      "requires": {
        "follow-redirects": "^1.14.8"
      }
    },
    "base64-js": {
      "version": "1.5.1",
      "resolved": "https://registry.npmjs.org/base64-js/-/base64-js-1.5.1.tgz",
      "integrity": "sha512-AKpaYlHn8t4SVbOHCy+b5+KKgvR4vrsD8vbvrbiQJps7fKDTkjkDry6ji0rUJjC0kzbNePLwzxq8iypo41qeWA=="
    },
    "crc-32": {
      "version": "1.2.0",
      "resolved": "https://registry.npmjs.org/crc-32/-/crc-32-1.2.0.tgz",
      "integrity": "sha512-1uBwHxF+Y/4yF5G48fwnKq6QsIXheor3ZLPT80yGBV1oEUwpPojlEhQbWKVw1VwcTQyMGHK1/XMmTjmlsmTTGA==",
      "requires": {
        "exit-on-epipe": "~1.0.1",
        "printj": "~1.1.0"
      }
    },
    "cross-fetch": {
      "version": "3.1.5",
      "resolved": "https://registry.npmjs.org/cross-fetch/-/cross-fetch-3.1.5.tgz",
      "integrity": "sha512-lvb1SBsI0Z7GDwmuid+mU3kWVBwTVUbe7S0H52yaaAdQOXq2YktTCZdlAcNKFzE6QtRz0snpw9bNiPeOIkkQvw==",
      "requires": {
        "node-fetch": "2.6.7"
      }
    },
    "debug": {
      "version": "4.3.4",
      "resolved": "https://registry.npmjs.org/debug/-/debug-4.3.4.tgz",
      "integrity": "sha512-PRWFHuSU3eDtQJPvnNY7Jcket1j0t5OuOsFzPPzsekD52Zl8qUfFIPEiswXqIvHWGVHOgX+7G/vCNNhehwxfkQ==",
      "requires": {
        "ms": "2.1.2"
      }
    },
    "double-ended-queue": {
      "version": "2.1.0-0",
      "resolved": "https://registry.npmjs.org/double-ended-queue/-/double-ended-queue-2.1.0-0.tgz",
      "integrity": "sha512-+BNfZ+deCo8hMNpDqDnvT+c0XpJ5cUa6mqYq89bho2Ifze4URTqRkcwR399hWoTrTkbZ/XJYDgP6rc7pRgffEQ=="
    },
    "engine.io-client": {
      "version": "6.2.3",
      "resolved": "https://registry.npmjs.org/engine.io-client/-/engine.io-client-6.2.3.tgz",
      "integrity": "sha512-aXPtgF1JS3RuuKcpSrBtimSjYvrbhKW9froICH4s0F3XQWLxsKNxqzG39nnvQZQnva4CMvUK63T7shevxRyYHw==",
      "requires": {
        "@socket.io/component-emitter": "~3.1.0",
        "debug": "~4.3.1",
        "engine.io-parser": "~5.0.3",
        "ws": "~8.2.3",
        "xmlhttprequest-ssl": "~2.0.0"
      }
    },
    "engine.io-parser": {
      "version": "5.0.4",
      "resolved": "https://registry.npmjs.org/engine.io-parser/-/engine.io-parser-5.0.4.tgz",
      "integrity": "sha512-+nVFp+5z1E3HcToEnO7ZIj3g+3k9389DvWtvJZz0T6/eOCPIyyxehFcedoYrZQrp0LgQbD9pPXhpMBKMd5QURg=="
    },
    "event-target-shim": {
      "version": "5.0.1",
      "resolved": "https://registry.npmjs.org/event-target-shim/-/event-target-shim-5.0.1.tgz",
      "integrity": "sha512-i/2XbnSz/uxRCU6+NdVJgKWDTM427+MqYbkQzD321DuCQJUqOuJKIA0IM2+W2xtYHdKOmZ4dR6fExsd4SXL+WQ=="
    },
    "events": {
      "version": "3.3.0",
      "resolved": "https://registry.npmjs.org/events/-/events-3.3.0.tgz",
      "integrity": "sha512-mQw+2fkQbALzQ7V0MY0IqdnXNOeTtP4r0lN9z7AAawCXgqea7bDii20AYrIBrFd/Hx0M2Ocz6S111CaFkUcb0Q=="
    },
    "exit-on-epipe": {
      "version": "1.0.1",
      "resolved": "https://registry.npmjs.org/exit-on-epipe/-/exit-on-epipe-1.0.1.tgz",
      "integrity": "sha512-h2z5mrROTxce56S+pnvAV890uu7ls7f1kEvVGJbw1OlFH3/mlJ5bkXu0KRyW94v37zzHPiUd55iLn3DA7TjWpw=="
    },
    "fluid-framework": {
      "version": "1.3.0",
      "resolved": "https://registry.npmjs.org/fluid-framework/-/fluid-framework-1.3.0.tgz",
      "integrity": "sha512-ApBIJnf5EqcmkYRL+SITsTBZlL0rsEQ8JPXNkdI0TvFGl+CPR72LqWN66DOweHQIC6TUzi1rppwaR9Aau3xCrQ==",
      "requires": {
        "@fluidframework/container-definitions": "^1.3.0",
        "@fluidframework/container-loader": "^1.3.0",
        "@fluidframework/driver-definitions": "^1.3.0",
        "@fluidframework/fluid-static": "^1.3.0",
        "@fluidframework/map": "^1.3.0",
        "@fluidframework/sequence": "^1.3.0"
      }
    },
    "follow-redirects": {
      "version": "1.15.2",
      "resolved": "https://registry.npmjs.org/follow-redirects/-/follow-redirects-1.15.2.tgz",
      "integrity": "sha512-VQLG33o04KaQ8uYi2tVNbdrWp1QWxNNea+nmIB4EVM28v0hmP17z7aG1+wAkNzVq4KeXTq3221ye5qTJP91JwA=="
    },
    "inherits": {
      "version": "2.0.4",
      "resolved": "https://registry.npmjs.org/inherits/-/inherits-2.0.4.tgz",
      "integrity": "sha512-k/vGaX4/Yla3WzyMCvTQOXYeIHvqOKtnqBduzTHpzpQZzAskKMhZ2K+EnBiSM9zGSoIFeMpXKxa4dYeZIQqewQ=="
    },
    "json-stringify-safe": {
      "version": "5.0.1",
      "resolved": "https://registry.npmjs.org/json-stringify-safe/-/json-stringify-safe-5.0.1.tgz",
      "integrity": "sha512-ZClg6AaYvamvYEE82d3Iyd3vSSIjQ+odgjaTzRuO3s7toCdFKczob2i0zCh7JE8kWn17yvAWhUVxvqGwUalsRA=="
    },
    "jsrsasign": {
      "version": "10.5.27",
      "resolved": "https://registry.npmjs.org/jsrsasign/-/jsrsasign-10.5.27.tgz",
      "integrity": "sha512-1F4LmDeJZHYwoVvB44jEo2uZL3XuwYNzXCDOu53Ui6vqofGQ/gCYDmaxfVZtN0TGd92UKXr/BONcfrPonUIcQQ=="
    },
    "jwt-decode": {
      "version": "3.1.2",
      "resolved": "https://registry.npmjs.org/jwt-decode/-/jwt-decode-3.1.2.tgz",
      "integrity": "sha512-UfpWE/VZn0iP50d8cz9NrZLM9lSWhcJ+0Gt/nm4by88UL+J1SiKN8/5dkjMmbEzwL2CAe+67GsegCbIKtbp75A=="
    },
    "lodash": {
      "version": "4.17.21",
      "resolved": "https://registry.npmjs.org/lodash/-/lodash-4.17.21.tgz",
      "integrity": "sha512-v2kDEe57lecTulaDIuNTPy3Ry4gLGJ6Z1O3vE1krgXZNrsQ+LFTGHVxVjcXPs17LhbZVGedAJv8XZ1tvj5FvSg=="
    },
    "ms": {
      "version": "2.1.2",
      "resolved": "https://registry.npmjs.org/ms/-/ms-2.1.2.tgz",
      "integrity": "sha512-sGkPx+VjMtmA6MX27oA4FBFELFCZZ4S4XqeGOXCv68tT+jb3vk/RyaKWP0PTKyWtmLSM0b+adUTEvbs1PEaH2w=="
    },
    "node-fetch": {
      "version": "2.6.7",
      "resolved": "https://registry.npmjs.org/node-fetch/-/node-fetch-2.6.7.tgz",
      "integrity": "sha512-ZjMPFEfVx5j+y2yF35Kzx5sF7kDzxuDj6ziH4FFbOp87zKDZNx8yExJIb05OGF4Nlt9IHFIMBkRl41VdvcNdbQ==",
      "requires": {
        "whatwg-url": "^5.0.0"
      }
    },
    "path-browserify": {
      "version": "1.0.1",
      "resolved": "https://registry.npmjs.org/path-browserify/-/path-browserify-1.0.1.tgz",
      "integrity": "sha512-b7uo2UCUOYZcnF/3ID0lulOJi/bafxa1xPe7ZPsammBSpjSWQkjNxlt635YGS2MiR9GjvuXCtz2emr3jbsz98g=="
    },
    "prettier": {
      "version": "2.7.1",
      "resolved": "https://registry.npmjs.org/prettier/-/prettier-2.7.1.tgz",
      "integrity": "sha512-ujppO+MkdPqoVINuDFDRLClm7D78qbDt0/NR+wp5FqEZOoTNAjPHWj17QRhu7geIHJfcNhRk1XVQmF8Bp3ye+g=="
    },
    "printj": {
      "version": "1.1.2",
      "resolved": "https://registry.npmjs.org/printj/-/printj-1.1.2.tgz",
      "integrity": "sha512-zA2SmoLaxZyArQTOPj5LXecR+RagfPSU5Kw1qP+jkWeNlrq+eJZyY2oS68SU1Z/7/myXM4lo9716laOFAVStCQ=="
    },
    "punycode": {
      "version": "1.3.2",
      "resolved": "https://registry.npmjs.org/punycode/-/punycode-1.3.2.tgz",
      "integrity": "sha512-RofWgt/7fL5wP1Y7fxE7/EmTLzQVnB0ycyibJ0OOHIlJqTNzglYFxVwETOcIoJqJmpDXJ9xImDv+Fq34F/d4Dw=="
    },
    "querystring": {
      "version": "0.2.0",
      "resolved": "https://registry.npmjs.org/querystring/-/querystring-0.2.0.tgz",
      "integrity": "sha512-X/xY82scca2tau62i9mDyU9K+I+djTMUsvwf7xnUX5GLvVzgJybOJf4Y6o9Zx3oJK/LSXg5tTZBjwzqVPaPO2g=="
    },
    "querystringify": {
      "version": "2.2.0",
      "resolved": "https://registry.npmjs.org/querystringify/-/querystringify-2.2.0.tgz",
      "integrity": "sha512-FIqgj2EUvTa7R50u0rGsyTftzjYmv/a3hO345bZNrqabNqjtgiDMgmo4mkUjd+nzU5oF3dClKqFIPUKybUyqoQ=="
    },
    "readline-sync": {
      "version": "1.4.10",
      "resolved": "https://registry.npmjs.org/readline-sync/-/readline-sync-1.4.10.tgz",
      "integrity": "sha512-gNva8/6UAe8QYepIQH/jQ2qn91Qj0B9sYjMBBs3QOB8F2CXcKgLxQaJRP76sWVRQt+QU+8fAkCbCvjjMFu7Ycw=="
    },
    "requires-port": {
      "version": "1.0.0",
      "resolved": "https://registry.npmjs.org/requires-port/-/requires-port-1.0.0.tgz",
      "integrity": "sha512-KigOCHcocU3XODJxsu8i/j8T9tzT4adHiecwORRQ0ZZFcp7ahwXuRU1m+yuO90C5ZUyGeGfocHDI14M3L3yDAQ=="
    },
    "safe-buffer": {
      "version": "5.2.1",
      "resolved": "https://registry.npmjs.org/safe-buffer/-/safe-buffer-5.2.1.tgz",
      "integrity": "sha512-rp3So07KcdmmKbGvgaNxQSJr7bGVSVk5S9Eq1F+ppbRo70+YeaDxkw5Dd8NPN+GD6bjnYm2VuPuCXmpuYvmCXQ=="
    },
    "sha.js": {
      "version": "2.4.11",
      "resolved": "https://registry.npmjs.org/sha.js/-/sha.js-2.4.11.tgz",
      "integrity": "sha512-QMEp5B7cftE7APOjk5Y6xgrbWu+WkLVQwk8JNjZ8nKRciZaByEW6MubieAiToS7+dwvrjGhH8jRXz3MVd0AYqQ==",
      "requires": {
        "inherits": "^2.0.1",
        "safe-buffer": "^5.0.1"
      }
    },
    "sillyname": {
      "version": "0.1.0",
      "resolved": "https://registry.npmjs.org/sillyname/-/sillyname-0.1.0.tgz",
      "integrity": "sha512-GWA0Zont13ov+cMNw4T7nU4SCyW8jdhD3vjA5+qs8jr+09sCPxOf+FPS5zE0c9pYlCwD+NU/CiMimY462lgG9g=="
    },
    "socket.io-client": {
      "version": "4.5.3",
      "resolved": "https://registry.npmjs.org/socket.io-client/-/socket.io-client-4.5.3.tgz",
      "integrity": "sha512-I/hqDYpQ6JKwtJOf5ikM+Qz+YujZPMEl6qBLhxiP0nX+TfXKhW4KZZG8lamrD6Y5ngjmYHreESVasVCgi5Kl3A==",
      "requires": {
        "@socket.io/component-emitter": "~3.1.0",
        "debug": "~4.3.2",
        "engine.io-client": "~6.2.3",
        "socket.io-parser": "~4.2.0"
      }
    },
    "socket.io-parser": {
      "version": "4.2.1",
      "resolved": "https://registry.npmjs.org/socket.io-parser/-/socket.io-parser-4.2.1.tgz",
      "integrity": "sha512-V4GrkLy+HeF1F/en3SpUaM+7XxYXpuMUWLGde1kSSh5nQMN4hLrbPIkD+otwh6q9R6NOQBN4AMaOZ2zVjui82g==",
      "requires": {
        "@socket.io/component-emitter": "~3.1.0",
        "debug": "~4.3.1"
      }
    },
    "tr46": {
      "version": "0.0.3",
      "resolved": "https://registry.npmjs.org/tr46/-/tr46-0.0.3.tgz",
      "integrity": "sha512-N3WMsuqV66lT30CrXNbEjx4GEwlow3v6rr4mCcv6prnfwhS01rkgyFdjPNBYd9br7LpXV1+Emh01fHnq2Gdgrw=="
    },
    "url": {
      "version": "0.11.0",
      "resolved": "https://registry.npmjs.org/url/-/url-0.11.0.tgz",
      "integrity": "sha512-kbailJa29QrtXnxgq+DdCEGlbTeYM2eJUxsz6vjZavrCYPMIFHMKQmSKYAIuUK2i7hgPm28a8piX5NTUtM/LKQ==",
      "requires": {
        "punycode": "1.3.2",
        "querystring": "0.2.0"
      }
    },
    "url-parse": {
      "version": "1.5.10",
      "resolved": "https://registry.npmjs.org/url-parse/-/url-parse-1.5.10.tgz",
      "integrity": "sha512-WypcfiRhfeUP9vvF0j6rw0J3hrWrw6iZv3+22h6iRMJ/8z1Tj6XfLP4DsUix5MhMPnXpiHDoKyoZ/bdCkwBCiQ==",
      "requires": {
        "querystringify": "^2.1.1",
        "requires-port": "^1.0.0"
      }
    },
    "uuid": {
      "version": "8.3.2",
      "resolved": "https://registry.npmjs.org/uuid/-/uuid-8.3.2.tgz",
      "integrity": "sha512-+NYs2QeMWy+GWFOEm9xnn6HCDp0l7QBD7ml8zLUmJ+93Q5NF0NocErnwkTkXVFNiX3/fpC6afS8Dhb/gz7R7eg=="
    },
    "webidl-conversions": {
      "version": "3.0.1",
      "resolved": "https://registry.npmjs.org/webidl-conversions/-/webidl-conversions-3.0.1.tgz",
      "integrity": "sha512-2JAn3z8AR6rjK8Sm8orRC0h/bcl/DqL7tRPdGZ4I1CjdF+EaMLmYxBHyXuKL849eucPFhvBoxMsflfOb8kxaeQ=="
    },
    "whatwg-url": {
      "version": "5.0.0",
      "resolved": "https://registry.npmjs.org/whatwg-url/-/whatwg-url-5.0.0.tgz",
      "integrity": "sha512-saE57nupxk6v3HY35+jzBwYa0rKSy0XR8JSxZPwgLr7ys0IBzhGviA1/TUGJLmSVqs8pb9AnvICXEuOHLprYTw==",
      "requires": {
        "tr46": "~0.0.3",
        "webidl-conversions": "^3.0.0"
      }
    },
    "ws": {
      "version": "8.2.3",
      "resolved": "https://registry.npmjs.org/ws/-/ws-8.2.3.tgz",
      "integrity": "sha512-wBuoj1BDpC6ZQ1B7DWQBYVLphPWkm8i9Y0/3YdHjHKHiohOJ1ws+3OccDWtH+PoC9DZD5WOTrJvNbWvjS6JWaA=="
    },
    "xmlhttprequest-ssl": {
      "version": "2.0.0",
      "resolved": "https://registry.npmjs.org/xmlhttprequest-ssl/-/xmlhttprequest-ssl-2.0.0.tgz",
      "integrity": "sha512-QKxVRxiRACQcVuQEYFsI1hhkrMlrXHPegbbd1yn9UHOmRxY+si12nQYzri3vbzt8VdTTRviqcKxcyllFas5z2A=="
    }
  }
}
